
Microsoft Visual Studio Solution File, Format Version 12.00
# Visual Studio Version 17
VisualStudioVersion = 17.8.34525.116
MinimumVisualStudioVersion = 10.0.40219.1
Project("{2150E333-8FDC-42A3-9474-1A3956D46DE8}") = "솔루션 항목", "솔루션 항목", "{E8F80BC3-F20F-4600-B088-756676FE237A}"
	ProjectSection(SolutionItems) = preProject
		README.md = README.md
		sample.log = sample.log
		test.log = test.log
	EndProjectSection
EndProject
Project("{9A19103F-16F7-4668-BE54-9A1E7A4F7556}") = "SonoCapUsImgTest", "SonoCapUsImgTest\SonoCapUsImgTest.csproj", "{86F37A2C-07B3-4C4D-9F45-270E40308612}"
EndProject
Project("{8BC9CEB8-8B4A-11D0-8D11-00A0C91BC942}") = "SonoCapUsImg", "SonoCapUsImg\SonoCapUsImg.vcxproj", "{99376933-712B-4028-AAE4-9807C46D7660}"
EndProject
Project("{9A19103F-16F7-4668-BE54-9A1E7A4F7556}") = "OpenGLTestCs", "OpenGLTestCs\OpenGLTestCs.csproj", "{56CD7E4B-E684-4EA9-9B19-C8A5834B0927}"
EndProject
Project("{8BC9CEB8-8B4A-11D0-8D11-00A0C91BC942}") = "CubeRenderer", "CubeRenderer\CubeRenderer.vcxproj", "{8025D39C-F73B-472D-86C0-DEFFA41024EF}"
EndProject
Project("{9A19103F-16F7-4668-BE54-9A1E7A4F7556}") = "SonoCap.Commons", "SonoCap.Commons\SonoCap.Commons.csproj", "{19AC9BDA-CB19-4E7E-8177-6FB7E38930AC}"
EndProject
Global
	GlobalSection(SolutionConfigurationPlatforms) = preSolution
		Debug|Any CPU = Debug|Any CPU
		Debug|x64 = Debug|x64
		Debug|x86 = Debug|x86
		Release|Any CPU = Release|Any CPU
		Release|x64 = Release|x64
		Release|x86 = Release|x86
	EndGlobalSection
	GlobalSection(ProjectConfigurationPlatforms) = postSolution
		{86F37A2C-07B3-4C4D-9F45-270E40308612}.Debug|Any CPU.ActiveCfg = Debug|Any CPU
		{86F37A2C-07B3-4C4D-9F45-270E40308612}.Debug|Any CPU.Build.0 = Debug|Any CPU
		{86F37A2C-07B3-4C4D-9F45-270E40308612}.Debug|x64.ActiveCfg = Debug|Any CPU
		{86F37A2C-07B3-4C4D-9F45-270E40308612}.Debug|x64.Build.0 = Debug|Any CPU
		{86F37A2C-07B3-4C4D-9F45-270E40308612}.Debug|x86.ActiveCfg = Debug|Any CPU
		{86F37A2C-07B3-4C4D-9F45-270E40308612}.Debug|x86.Build.0 = Debug|Any CPU
		{86F37A2C-07B3-4C4D-9F45-270E40308612}.Release|Any CPU.ActiveCfg = Release|Any CPU
		{86F37A2C-07B3-4C4D-9F45-270E40308612}.Release|Any CPU.Build.0 = Release|Any CPU
		{86F37A2C-07B3-4C4D-9F45-270E40308612}.Release|x64.ActiveCfg = Release|Any CPU
		{86F37A2C-07B3-4C4D-9F45-270E40308612}.Release|x64.Build.0 = Release|Any CPU
		{86F37A2C-07B3-4C4D-9F45-270E40308612}.Release|x86.ActiveCfg = Release|Any CPU
		{86F37A2C-07B3-4C4D-9F45-270E40308612}.Release|x86.Build.0 = Release|Any CPU
		{99376933-712B-4028-AAE4-9807C46D7660}.Debug|Any CPU.ActiveCfg = Debug|x64
		{99376933-712B-4028-AAE4-9807C46D7660}.Debug|Any CPU.Build.0 = Debug|x64
		{99376933-712B-4028-AAE4-9807C46D7660}.Debug|x64.ActiveCfg = Debug|x64
		{99376933-712B-4028-AAE4-9807C46D7660}.Debug|x64.Build.0 = Debug|x64
		{99376933-712B-4028-AAE4-9807C46D7660}.Debug|x86.ActiveCfg = Debug|Win32
		{99376933-712B-4028-AAE4-9807C46D7660}.Debug|x86.Build.0 = Debug|Win32
		{99376933-712B-4028-AAE4-9807C46D7660}.Release|Any CPU.ActiveCfg = Release|x64
		{99376933-712B-4028-AAE4-9807C46D7660}.Release|Any CPU.Build.0 = Release|x64
		{99376933-712B-4028-AAE4-9807C46D7660}.Release|x64.ActiveCfg = Release|x64
		{99376933-712B-4028-AAE4-9807C46D7660}.Release|x64.Build.0 = Release|x64
		{99376933-712B-4028-AAE4-9807C46D7660}.Release|x86.ActiveCfg = Release|Win32
		{99376933-712B-4028-AAE4-9807C46D7660}.Release|x86.Build.0 = Release|Win32
		{56CD7E4B-E684-4EA9-9B19-C8A5834B0927}.Debug|Any CPU.ActiveCfg = Debug|Any CPU
		{56CD7E4B-E684-4EA9-9B19-C8A5834B0927}.Debug|Any CPU.Build.0 = Debug|Any CPU
		{56CD7E4B-E684-4EA9-9B19-C8A5834B0927}.Debug|x64.ActiveCfg = Debug|Any CPU
		{56CD7E4B-E684-4EA9-9B19-C8A5834B0927}.Debug|x64.Build.0 = Debug|Any CPU
		{56CD7E4B-E684-4EA9-9B19-C8A5834B0927}.Debug|x86.ActiveCfg = Debug|Any CPU
		{56CD7E4B-E684-4EA9-9B19-C8A5834B0927}.Debug|x86.Build.0 = Debug|Any CPU
		{56CD7E4B-E684-4EA9-9B19-C8A5834B0927}.Release|Any CPU.ActiveCfg = Release|Any CPU
		{56CD7E4B-E684-4EA9-9B19-C8A5834B0927}.Release|Any CPU.Build.0 = Release|Any CPU
		{56CD7E4B-E684-4EA9-9B19-C8A5834B0927}.Release|x64.ActiveCfg = Release|Any CPU
		{56CD7E4B-E684-4EA9-9B19-C8A5834B0927}.Release|x64.Build.0 = Release|Any CPU
		{56CD7E4B-E684-4EA9-9B19-C8A5834B0927}.Release|x86.ActiveCfg = Release|Any CPU
		{56CD7E4B-E684-4EA9-9B19-C8A5834B0927}.Release|x86.Build.0 = Release|Any CPU
		{8025D39C-F73B-472D-86C0-DEFFA41024EF}.Debug|Any CPU.ActiveCfg = Debug|x64
		{8025D39C-F73B-472D-86C0-DEFFA41024EF}.Debug|Any CPU.Build.0 = Debug|x64
		{8025D39C-F73B-472D-86C0-DEFFA41024EF}.Debug|x64.ActiveCfg = Debug|x64
		{8025D39C-F73B-472D-86C0-DEFFA41024EF}.Debug|x64.Build.0 = Debug|x64
		{8025D39C-F73B-472D-86C0-DEFFA41024EF}.Debug|x86.ActiveCfg = Debug|Win32
		{8025D39C-F73B-472D-86C0-DEFFA41024EF}.Debug|x86.Build.0 = Debug|Win32
		{8025D39C-F73B-472D-86C0-DEFFA41024EF}.Release|Any CPU.ActiveCfg = Release|x64
		{8025D39C-F73B-472D-86C0-DEFFA41024EF}.Release|Any CPU.Build.0 = Release|x64
		{8025D39C-F73B-472D-86C0-DEFFA41024EF}.Release|x64.ActiveCfg = Release|x64
		{8025D39C-F73B-472D-86C0-DEFFA41024EF}.Release|x64.Build.0 = Release|x64
		{8025D39C-F73B-472D-86C0-DEFFA41024EF}.Release|x86.ActiveCfg = Release|Win32
		{8025D39C-F73B-472D-86C0-DEFFA41024EF}.Release|x86.Build.0 = Release|Win32
		{19AC9BDA-CB19-4E7E-8177-6FB7E38930AC}.Debug|Any CPU.ActiveCfg = Debug|Any CPU
		{19AC9BDA-CB19-4E7E-8177-6FB7E38930AC}.Debug|Any CPU.Build.0 = Debug|Any CPU
		{19AC9BDA-CB19-4E7E-8177-6FB7E38930AC}.Debug|x64.ActiveCfg = Debug|Any CPU
		{19AC9BDA-CB19-4E7E-8177-6FB7E38930AC}.Debug|x64.Build.0 = Debug|Any CPU
		{19AC9BDA-CB19-4E7E-8177-6FB7E38930AC}.Debug|x86.ActiveCfg = Debug|Any CPU
		{19AC9BDA-CB19-4E7E-8177-6FB7E38930AC}.Debug|x86.Build.0 = Debug|Any CPU
		{19AC9BDA-CB19-4E7E-8177-6FB7E38930AC}.Release|Any CPU.ActiveCfg = Release|Any CPU
		{19AC9BDA-CB19-4E7E-8177-6FB7E38930AC}.Release|Any CPU.Build.0 = Release|Any CPU
		{19AC9BDA-CB19-4E7E-8177-6FB7E38930AC}.Release|x64.ActiveCfg = Release|Any CPU
		{19AC9BDA-CB19-4E7E-8177-6FB7E38930AC}.Release|x64.Build.0 = Release|Any CPU
		{19AC9BDA-CB19-4E7E-8177-6FB7E38930AC}.Release|x86.ActiveCfg = Release|Any CPU
		{19AC9BDA-CB19-4E7E-8177-6FB7E38930AC}.Release|x86.Build.0 = Release|Any CPU
	EndGlobalSection
	GlobalSection(SolutionProperties) = preSolution
		HideSolutionNode = FALSE
	EndGlobalSection
	GlobalSection(ExtensibilityGlobals) = postSolution
		SolutionGuid = {CFDAC4D3-62CC-439C-97E6-9E6E8C338E3D}
	EndGlobalSection
EndGlobal
