
Microsoft Visual Studio Solution File, Format Version 12.00
# Visual Studio Version 17
VisualStudioVersion = 17.8.34525.116
MinimumVisualStudioVersion = 10.0.40219.1
Project("{9A19103F-16F7-4668-BE54-9A1E7A4F7556}") = "SonoCap.MES.UI", "SonoCap.MES.UI\SonoCap.MES.UI.csproj", "{6DA06DAC-F849-41A4-94E7-24E51CCFD13B}"
EndProject
Project("{9A19103F-16F7-4668-BE54-9A1E7A4F7556}") = "SonoCap.MES.Models", "Sonocap.MES.Models\SonoCap.MES.Models.csproj", "{5ACEF153-4413-40E5-B1A6-B171C6DBD792}"
EndProject
Project("{9A19103F-16F7-4668-BE54-9A1E7A4F7556}") = "SonoCap.MES.Repositories", "Sonocap.MES.Repositories\SonoCap.MES.Repositories.csproj", "{076A5AF9-664D-4A90-B777-BCE447894332}"
EndProject
Project("{9A19103F-16F7-4668-BE54-9A1E7A4F7556}") = "SonoCap.Interceptors", "SonoCap.Interceptors\SonoCap.Interceptors.csproj", "{38801F3D-A0BC-45F2-A4F4-2870F804A7DA}"
EndProject
Project("{9A19103F-16F7-4668-BE54-9A1E7A4F7556}") = "SonoCap.Commons", "SonoCap.Commons\SonoCap.Commons.csproj", "{6B81245E-D2D0-4434-8FB1-E039C2C5BE5A}"
EndProject
Project("{2150E333-8FDC-42A3-9474-1A3956D46DE8}") = "솔루션 항목", "솔루션 항목", "{E8F80BC3-F20F-4600-B088-756676FE237A}"
	ProjectSection(SolutionItems) = preProject
		Installation\Install_Manual.md = Installation\Install_Manual.md
		README.md = README.md
	EndProjectSection
EndProject
Project("{9A19103F-16F7-4668-BE54-9A1E7A4F7556}") = "SonoCap.Tests", "SonoCap.Tests\SonoCap.Tests.csproj", "{CC37D8E0-F4EC-45E0-A18C-0F2626FCA8F9}"
EndProject
Project("{8BC9CEB8-8B4A-11D0-8D11-00A0C91BC942}") = "HsnlibraryCS", "HsnlibraryCS\HsnlibraryCS.vcxproj", "{D30D27B3-FAF0-4564-B91A-9D7A967BF9C4}"
EndProject
Project("{8BC9CEB8-8B4A-11D0-8D11-00A0C91BC942}") = "SonoCap.MES.ImageProcess", "SonoCap.MES.ImageProcess\SonoCap.MES.ImageProcess.vcxproj", "{2F45389C-DF69-4625-9286-DD9A4DBDDAED}"
EndProject
Project("{FAE04EC0-301F-11D3-BF4B-00C04F79EFBC}") = "SonoCap.MES.ImageProcess.Test", "SonoCap.MES.ImageProcess.Test\SonoCap.MES.ImageProcess.Test.csproj", "{4710A4DF-259E-4D6C-BD57-BC2AAB45CA11}"
EndProject
Project("{FAE04EC0-301F-11D3-BF4B-00C04F79EFBC}") = "SonoCap.MES.Services", "SonoCap.MES.Services\SonoCap.MES.Services.csproj", "{5E4FE634-D69F-438E-ACA1-0E90BB3A0116}"
EndProject
Project("{FAE04EC0-301F-11D3-BF4B-00C04F79EFBC}") = "SonoCap.MES.PreviewUI", "SonoCap.MES.PreviewUI\SonoCap.MES.PreviewUI.csproj", "{BDF3959C-FC47-4D29-8A40-70B32D2A59C4}"
EndProject
Project("{FAE04EC0-301F-11D3-BF4B-00C04F79EFBC}") = "SonoCap.WpfCommons", "SonoCap.WpfCommons\SonoCap.WpfCommons.csproj", "{EB598F17-26C8-47F8-B5E1-AD111A6E7068}"
EndProject
Project("{8BC9CEB8-8B4A-11D0-8D11-00A0C91BC942}") = "SonoCap.Commons.Logging.Cli", "SonoCap.Commons.Logging.Cli\SonoCap.Commons.Logging.Cli.vcxproj", "{ECD23A34-1E74-A156-AC29-CEB662AE68F8}"
EndProject
Global
	GlobalSection(SolutionConfigurationPlatforms) = preSolution
		Debug|Any CPU = Debug|Any CPU
		Debug|x64 = Debug|x64
		Debug|x86 = Debug|x86
		Release|Any CPU = Release|Any CPU
		Release|x64 = Release|x64
		Release|x86 = Release|x86
	EndGlobalSection
	GlobalSection(ProjectConfigurationPlatforms) = postSolution
		{6DA06DAC-F849-41A4-94E7-24E51CCFD13B}.Debug|Any CPU.ActiveCfg = Debug|Any CPU
		{6DA06DAC-F849-41A4-94E7-24E51CCFD13B}.Debug|Any CPU.Build.0 = Debug|Any CPU
		{6DA06DAC-F849-41A4-94E7-24E51CCFD13B}.Debug|x64.ActiveCfg = Debug|x64
		{6DA06DAC-F849-41A4-94E7-24E51CCFD13B}.Debug|x64.Build.0 = Debug|x64
		{6DA06DAC-F849-41A4-94E7-24E51CCFD13B}.Debug|x86.ActiveCfg = Debug|Any CPU
		{6DA06DAC-F849-41A4-94E7-24E51CCFD13B}.Debug|x86.Build.0 = Debug|Any CPU
		{6DA06DAC-F849-41A4-94E7-24E51CCFD13B}.Release|Any CPU.ActiveCfg = Release|Any CPU
		{6DA06DAC-F849-41A4-94E7-24E51CCFD13B}.Release|Any CPU.Build.0 = Release|Any CPU
		{6DA06DAC-F849-41A4-94E7-24E51CCFD13B}.Release|x64.ActiveCfg = Release|x64
		{6DA06DAC-F849-41A4-94E7-24E51CCFD13B}.Release|x64.Build.0 = Release|x64
		{6DA06DAC-F849-41A4-94E7-24E51CCFD13B}.Release|x86.ActiveCfg = Release|Any CPU
		{6DA06DAC-F849-41A4-94E7-24E51CCFD13B}.Release|x86.Build.0 = Release|Any CPU
		{5ACEF153-4413-40E5-B1A6-B171C6DBD792}.Debug|Any CPU.ActiveCfg = Debug|Any CPU
		{5ACEF153-4413-40E5-B1A6-B171C6DBD792}.Debug|Any CPU.Build.0 = Debug|Any CPU
		{5ACEF153-4413-40E5-B1A6-B171C6DBD792}.Debug|x64.ActiveCfg = Debug|Any CPU
		{5ACEF153-4413-40E5-B1A6-B171C6DBD792}.Debug|x64.Build.0 = Debug|Any CPU
		{5ACEF153-4413-40E5-B1A6-B171C6DBD792}.Debug|x86.ActiveCfg = Debug|Any CPU
		{5ACEF153-4413-40E5-B1A6-B171C6DBD792}.Debug|x86.Build.0 = Debug|Any CPU
		{5ACEF153-4413-40E5-B1A6-B171C6DBD792}.Release|Any CPU.ActiveCfg = Release|Any CPU
		{5ACEF153-4413-40E5-B1A6-B171C6DBD792}.Release|Any CPU.Build.0 = Release|Any CPU
		{5ACEF153-4413-40E5-B1A6-B171C6DBD792}.Release|x64.ActiveCfg = Release|Any CPU
		{5ACEF153-4413-40E5-B1A6-B171C6DBD792}.Release|x64.Build.0 = Release|Any CPU
		{5ACEF153-4413-40E5-B1A6-B171C6DBD792}.Release|x86.ActiveCfg = Release|Any CPU
		{5ACEF153-4413-40E5-B1A6-B171C6DBD792}.Release|x86.Build.0 = Release|Any CPU
		{076A5AF9-664D-4A90-B777-BCE447894332}.Debug|Any CPU.ActiveCfg = Debug|Any CPU
		{076A5AF9-664D-4A90-B777-BCE447894332}.Debug|Any CPU.Build.0 = Debug|Any CPU
		{076A5AF9-664D-4A90-B777-BCE447894332}.Debug|x64.ActiveCfg = Debug|Any CPU
		{076A5AF9-664D-4A90-B777-BCE447894332}.Debug|x64.Build.0 = Debug|Any CPU
		{076A5AF9-664D-4A90-B777-BCE447894332}.Debug|x86.ActiveCfg = Debug|Any CPU
		{076A5AF9-664D-4A90-B777-BCE447894332}.Debug|x86.Build.0 = Debug|Any CPU
		{076A5AF9-664D-4A90-B777-BCE447894332}.Release|Any CPU.ActiveCfg = Release|Any CPU
		{076A5AF9-664D-4A90-B777-BCE447894332}.Release|Any CPU.Build.0 = Release|Any CPU
		{076A5AF9-664D-4A90-B777-BCE447894332}.Release|x64.ActiveCfg = Release|Any CPU
		{076A5AF9-664D-4A90-B777-BCE447894332}.Release|x64.Build.0 = Release|Any CPU
		{076A5AF9-664D-4A90-B777-BCE447894332}.Release|x86.ActiveCfg = Release|Any CPU
		{076A5AF9-664D-4A90-B777-BCE447894332}.Release|x86.Build.0 = Release|Any CPU
		{38801F3D-A0BC-45F2-A4F4-2870F804A7DA}.Debug|Any CPU.ActiveCfg = Debug|Any CPU
		{38801F3D-A0BC-45F2-A4F4-2870F804A7DA}.Debug|Any CPU.Build.0 = Debug|Any CPU
		{38801F3D-A0BC-45F2-A4F4-2870F804A7DA}.Debug|x64.ActiveCfg = Debug|Any CPU
		{38801F3D-A0BC-45F2-A4F4-2870F804A7DA}.Debug|x64.Build.0 = Debug|Any CPU
		{38801F3D-A0BC-45F2-A4F4-2870F804A7DA}.Debug|x86.ActiveCfg = Debug|Any CPU
		{38801F3D-A0BC-45F2-A4F4-2870F804A7DA}.Debug|x86.Build.0 = Debug|Any CPU
		{38801F3D-A0BC-45F2-A4F4-2870F804A7DA}.Release|Any CPU.ActiveCfg = Release|Any CPU
		{38801F3D-A0BC-45F2-A4F4-2870F804A7DA}.Release|Any CPU.Build.0 = Release|Any CPU
		{38801F3D-A0BC-45F2-A4F4-2870F804A7DA}.Release|x64.ActiveCfg = Release|Any CPU
		{38801F3D-A0BC-45F2-A4F4-2870F804A7DA}.Release|x64.Build.0 = Release|Any CPU
		{38801F3D-A0BC-45F2-A4F4-2870F804A7DA}.Release|x86.ActiveCfg = Release|Any CPU
		{38801F3D-A0BC-45F2-A4F4-2870F804A7DA}.Release|x86.Build.0 = Release|Any CPU
		{6B81245E-D2D0-4434-8FB1-E039C2C5BE5A}.Debug|Any CPU.ActiveCfg = Debug|Any CPU
		{6B81245E-D2D0-4434-8FB1-E039C2C5BE5A}.Debug|Any CPU.Build.0 = Debug|Any CPU
		{6B81245E-D2D0-4434-8FB1-E039C2C5BE5A}.Debug|x64.ActiveCfg = Debug|Any CPU
		{6B81245E-D2D0-4434-8FB1-E039C2C5BE5A}.Debug|x64.Build.0 = Debug|Any CPU
		{6B81245E-D2D0-4434-8FB1-E039C2C5BE5A}.Debug|x86.ActiveCfg = Debug|Any CPU
		{6B81245E-D2D0-4434-8FB1-E039C2C5BE5A}.Debug|x86.Build.0 = Debug|Any CPU
		{6B81245E-D2D0-4434-8FB1-E039C2C5BE5A}.Release|Any CPU.ActiveCfg = Release|Any CPU
		{6B81245E-D2D0-4434-8FB1-E039C2C5BE5A}.Release|Any CPU.Build.0 = Release|Any CPU
		{6B81245E-D2D0-4434-8FB1-E039C2C5BE5A}.Release|x64.ActiveCfg = Release|Any CPU
		{6B81245E-D2D0-4434-8FB1-E039C2C5BE5A}.Release|x64.Build.0 = Release|Any CPU
		{6B81245E-D2D0-4434-8FB1-E039C2C5BE5A}.Release|x86.ActiveCfg = Release|Any CPU
		{6B81245E-D2D0-4434-8FB1-E039C2C5BE5A}.Release|x86.Build.0 = Release|Any CPU
		{CC37D8E0-F4EC-45E0-A18C-0F2626FCA8F9}.Debug|Any CPU.ActiveCfg = Debug|Any CPU
		{CC37D8E0-F4EC-45E0-A18C-0F2626FCA8F9}.Debug|Any CPU.Build.0 = Debug|Any CPU
		{CC37D8E0-F4EC-45E0-A18C-0F2626FCA8F9}.Debug|x64.ActiveCfg = Debug|Any CPU
		{CC37D8E0-F4EC-45E0-A18C-0F2626FCA8F9}.Debug|x64.Build.0 = Debug|Any CPU
		{CC37D8E0-F4EC-45E0-A18C-0F2626FCA8F9}.Debug|x86.ActiveCfg = Debug|Any CPU
		{CC37D8E0-F4EC-45E0-A18C-0F2626FCA8F9}.Debug|x86.Build.0 = Debug|Any CPU
		{CC37D8E0-F4EC-45E0-A18C-0F2626FCA8F9}.Release|Any CPU.ActiveCfg = Release|Any CPU
		{CC37D8E0-F4EC-45E0-A18C-0F2626FCA8F9}.Release|Any CPU.Build.0 = Release|Any CPU
		{CC37D8E0-F4EC-45E0-A18C-0F2626FCA8F9}.Release|x64.ActiveCfg = Release|Any CPU
		{CC37D8E0-F4EC-45E0-A18C-0F2626FCA8F9}.Release|x64.Build.0 = Release|Any CPU
		{CC37D8E0-F4EC-45E0-A18C-0F2626FCA8F9}.Release|x86.ActiveCfg = Release|Any CPU
		{CC37D8E0-F4EC-45E0-A18C-0F2626FCA8F9}.Release|x86.Build.0 = Release|Any CPU
		{D30D27B3-FAF0-4564-B91A-9D7A967BF9C4}.Debug|Any CPU.ActiveCfg = Debug|x64
		{D30D27B3-FAF0-4564-B91A-9D7A967BF9C4}.Debug|Any CPU.Build.0 = Debug|x64
		{D30D27B3-FAF0-4564-B91A-9D7A967BF9C4}.Debug|x64.ActiveCfg = Debug|x64
		{D30D27B3-FAF0-4564-B91A-9D7A967BF9C4}.Debug|x64.Build.0 = Debug|x64
		{D30D27B3-FAF0-4564-B91A-9D7A967BF9C4}.Debug|x86.ActiveCfg = Debug|Win32
		{D30D27B3-FAF0-4564-B91A-9D7A967BF9C4}.Debug|x86.Build.0 = Debug|Win32
		{D30D27B3-FAF0-4564-B91A-9D7A967BF9C4}.Release|Any CPU.ActiveCfg = Release|x64
		{D30D27B3-FAF0-4564-B91A-9D7A967BF9C4}.Release|Any CPU.Build.0 = Release|x64
		{D30D27B3-FAF0-4564-B91A-9D7A967BF9C4}.Release|x64.ActiveCfg = Release|x64
		{D30D27B3-FAF0-4564-B91A-9D7A967BF9C4}.Release|x64.Build.0 = Release|x64
		{D30D27B3-FAF0-4564-B91A-9D7A967BF9C4}.Release|x86.ActiveCfg = Release|Win32
		{D30D27B3-FAF0-4564-B91A-9D7A967BF9C4}.Release|x86.Build.0 = Release|Win32
		{2F45389C-DF69-4625-9286-DD9A4DBDDAED}.Debug|Any CPU.ActiveCfg = Debug|x64
		{2F45389C-DF69-4625-9286-DD9A4DBDDAED}.Debug|Any CPU.Build.0 = Debug|x64
		{2F45389C-DF69-4625-9286-DD9A4DBDDAED}.Debug|x64.ActiveCfg = Debug|x64
		{2F45389C-DF69-4625-9286-DD9A4DBDDAED}.Debug|x64.Build.0 = Debug|x64
		{2F45389C-DF69-4625-9286-DD9A4DBDDAED}.Debug|x86.ActiveCfg = Debug|Win32
		{2F45389C-DF69-4625-9286-DD9A4DBDDAED}.Debug|x86.Build.0 = Debug|Win32
		{2F45389C-DF69-4625-9286-DD9A4DBDDAED}.Release|Any CPU.ActiveCfg = Release|x64
		{2F45389C-DF69-4625-9286-DD9A4DBDDAED}.Release|Any CPU.Build.0 = Release|x64
		{2F45389C-DF69-4625-9286-DD9A4DBDDAED}.Release|x64.ActiveCfg = Release|x64
		{2F45389C-DF69-4625-9286-DD9A4DBDDAED}.Release|x64.Build.0 = Release|x64
		{2F45389C-DF69-4625-9286-DD9A4DBDDAED}.Release|x86.ActiveCfg = Release|Win32
		{2F45389C-DF69-4625-9286-DD9A4DBDDAED}.Release|x86.Build.0 = Release|Win32
		{4710A4DF-259E-4D6C-BD57-BC2AAB45CA11}.Debug|Any CPU.ActiveCfg = Debug|Any CPU
		{4710A4DF-259E-4D6C-BD57-BC2AAB45CA11}.Debug|Any CPU.Build.0 = Debug|Any CPU
		{4710A4DF-259E-4D6C-BD57-BC2AAB45CA11}.Debug|x64.ActiveCfg = Debug|Any CPU
		{4710A4DF-259E-4D6C-BD57-BC2AAB45CA11}.Debug|x64.Build.0 = Debug|Any CPU
		{4710A4DF-259E-4D6C-BD57-BC2AAB45CA11}.Debug|x86.ActiveCfg = Debug|Any CPU
		{4710A4DF-259E-4D6C-BD57-BC2AAB45CA11}.Debug|x86.Build.0 = Debug|Any CPU
		{4710A4DF-259E-4D6C-BD57-BC2AAB45CA11}.Release|Any CPU.ActiveCfg = Release|Any CPU
		{4710A4DF-259E-4D6C-BD57-BC2AAB45CA11}.Release|Any CPU.Build.0 = Release|Any CPU
		{4710A4DF-259E-4D6C-BD57-BC2AAB45CA11}.Release|x64.ActiveCfg = Release|Any CPU
		{4710A4DF-259E-4D6C-BD57-BC2AAB45CA11}.Release|x64.Build.0 = Release|Any CPU
		{4710A4DF-259E-4D6C-BD57-BC2AAB45CA11}.Release|x86.ActiveCfg = Release|Any CPU
		{4710A4DF-259E-4D6C-BD57-BC2AAB45CA11}.Release|x86.Build.0 = Release|Any CPU
		{5E4FE634-D69F-438E-ACA1-0E90BB3A0116}.Debug|Any CPU.ActiveCfg = Debug|Any CPU
		{5E4FE634-D69F-438E-ACA1-0E90BB3A0116}.Debug|Any CPU.Build.0 = Debug|Any CPU
		{5E4FE634-D69F-438E-ACA1-0E90BB3A0116}.Debug|x64.ActiveCfg = Debug|Any CPU
		{5E4FE634-D69F-438E-ACA1-0E90BB3A0116}.Debug|x64.Build.0 = Debug|Any CPU
		{5E4FE634-D69F-438E-ACA1-0E90BB3A0116}.Debug|x86.ActiveCfg = Debug|Any CPU
		{5E4FE634-D69F-438E-ACA1-0E90BB3A0116}.Debug|x86.Build.0 = Debug|Any CPU
		{5E4FE634-D69F-438E-ACA1-0E90BB3A0116}.Release|Any CPU.ActiveCfg = Release|Any CPU
		{5E4FE634-D69F-438E-ACA1-0E90BB3A0116}.Release|Any CPU.Build.0 = Release|Any CPU
		{5E4FE634-D69F-438E-ACA1-0E90BB3A0116}.Release|x64.ActiveCfg = Release|Any CPU
		{5E4FE634-D69F-438E-ACA1-0E90BB3A0116}.Release|x64.Build.0 = Release|Any CPU
		{5E4FE634-D69F-438E-ACA1-0E90BB3A0116}.Release|x86.ActiveCfg = Release|Any CPU
		{5E4FE634-D69F-438E-ACA1-0E90BB3A0116}.Release|x86.Build.0 = Release|Any CPU
		{BDF3959C-FC47-4D29-8A40-70B32D2A59C4}.Debug|Any CPU.ActiveCfg = Debug|Any CPU
		{BDF3959C-FC47-4D29-8A40-70B32D2A59C4}.Debug|Any CPU.Build.0 = Debug|Any CPU
		{BDF3959C-FC47-4D29-8A40-70B32D2A59C4}.Debug|x64.ActiveCfg = Debug|x64
		{BDF3959C-FC47-4D29-8A40-70B32D2A59C4}.Debug|x64.Build.0 = Debug|x64
		{BDF3959C-FC47-4D29-8A40-70B32D2A59C4}.Debug|x86.ActiveCfg = Debug|Any CPU
		{BDF3959C-FC47-4D29-8A40-70B32D2A59C4}.Debug|x86.Build.0 = Debug|Any CPU
		{BDF3959C-FC47-4D29-8A40-70B32D2A59C4}.Release|Any CPU.ActiveCfg = Release|Any CPU
		{BDF3959C-FC47-4D29-8A40-70B32D2A59C4}.Release|Any CPU.Build.0 = Release|Any CPU
		{BDF3959C-FC47-4D29-8A40-70B32D2A59C4}.Release|x64.ActiveCfg = Release|x64
		{BDF3959C-FC47-4D29-8A40-70B32D2A59C4}.Release|x64.Build.0 = Release|x64
		{BDF3959C-FC47-4D29-8A40-70B32D2A59C4}.Release|x86.ActiveCfg = Release|Any CPU
		{BDF3959C-FC47-4D29-8A40-70B32D2A59C4}.Release|x86.Build.0 = Release|Any CPU
		{EB598F17-26C8-47F8-B5E1-AD111A6E7068}.Debug|Any CPU.ActiveCfg = Debug|Any CPU
		{EB598F17-26C8-47F8-B5E1-AD111A6E7068}.Debug|Any CPU.Build.0 = Debug|Any CPU
		{EB598F17-26C8-47F8-B5E1-AD111A6E7068}.Debug|x64.ActiveCfg = Debug|Any CPU
		{EB598F17-26C8-47F8-B5E1-AD111A6E7068}.Debug|x64.Build.0 = Debug|Any CPU
		{EB598F17-26C8-47F8-B5E1-AD111A6E7068}.Debug|x86.ActiveCfg = Debug|Any CPU
		{EB598F17-26C8-47F8-B5E1-AD111A6E7068}.Debug|x86.Build.0 = Debug|Any CPU
		{EB598F17-26C8-47F8-B5E1-AD111A6E7068}.Release|Any CPU.ActiveCfg = Release|Any CPU
		{EB598F17-26C8-47F8-B5E1-AD111A6E7068}.Release|Any CPU.Build.0 = Release|Any CPU
		{EB598F17-26C8-47F8-B5E1-AD111A6E7068}.Release|x64.ActiveCfg = Release|Any CPU
		{EB598F17-26C8-47F8-B5E1-AD111A6E7068}.Release|x64.Build.0 = Release|Any CPU
		{EB598F17-26C8-47F8-B5E1-AD111A6E7068}.Release|x86.ActiveCfg = Release|Any CPU
		{EB598F17-26C8-47F8-B5E1-AD111A6E7068}.Release|x86.Build.0 = Release|Any CPU
		{ECD23A34-1E74-A156-AC29-CEB662AE68F8}.Debug|Any CPU.ActiveCfg = Debug|x64
		{ECD23A34-1E74-A156-AC29-CEB662AE68F8}.Debug|Any CPU.Build.0 = Debug|x64
		{ECD23A34-1E74-A156-AC29-CEB662AE68F8}.Debug|x64.ActiveCfg = Debug|x64
		{ECD23A34-1E74-A156-AC29-CEB662AE68F8}.Debug|x64.Build.0 = Debug|x64
		{ECD23A34-1E74-A156-AC29-CEB662AE68F8}.Debug|x86.ActiveCfg = Debug|Win32
		{ECD23A34-1E74-A156-AC29-CEB662AE68F8}.Debug|x86.Build.0 = Debug|Win32
		{ECD23A34-1E74-A156-AC29-CEB662AE68F8}.Release|Any CPU.ActiveCfg = Release|x64
		{ECD23A34-1E74-A156-AC29-CEB662AE68F8}.Release|Any CPU.Build.0 = Release|x64
		{ECD23A34-1E74-A156-AC29-CEB662AE68F8}.Release|x64.ActiveCfg = Release|x64
		{ECD23A34-1E74-A156-AC29-CEB662AE68F8}.Release|x64.Build.0 = Release|x64
		{ECD23A34-1E74-A156-AC29-CEB662AE68F8}.Release|x86.ActiveCfg = Release|Win32
		{ECD23A34-1E74-A156-AC29-CEB662AE68F8}.Release|x86.Build.0 = Release|Win32
	EndGlobalSection
	GlobalSection(SolutionProperties) = preSolution
		HideSolutionNode = FALSE
	EndGlobalSection
	GlobalSection(ExtensibilityGlobals) = postSolution
		SolutionGuid = {CFDAC4D3-62CC-439C-97E6-9E6E8C338E3D}
	EndGlobalSection
EndGlobal
