
Microsoft Visual Studio Solution File, Format Version 12.00
# Visual Studio Version 17
VisualStudioVersion = 17.8.34525.116
MinimumVisualStudioVersion = 10.0.40219.1
Project("{9A19103F-16F7-4668-BE54-9A1E7A4F7556}") = "EFCoreSample", "EFCoreSample\EFCoreSample.csproj", "{C853F303-32D2-4B6C-AE19-E0744F1EB29A}"
EndProject
Project("{8BC9CEB8-8B4A-11D0-8D11-00A0C91BC942}") = "VILib", "VILib\VILib.vcxproj", "{7E1BA4AD-DD03-4C3F-8D9D-2BA46CD0696C}"
EndProject
Project("{9A19103F-16F7-4668-BE54-9A1E7A4F7556}") = "SonoCap.MES.UI", "SonoCap.MES.UI\SonoCap.MES.UI.csproj", "{6DA06DAC-F849-41A4-94E7-24E51CCFD13B}"
EndProject
Project("{9A19103F-16F7-4668-BE54-9A1E7A4F7556}") = "AspectCoreSample", "AspectCoreSample\AspectCoreSample.csproj", "{ACF747BB-7578-4B9E-A99E-BB426607D324}"
EndProject
Project("{9A19103F-16F7-4668-BE54-9A1E7A4F7556}") = "SonoCap.MES.Models", "Sonocap.MES.Models\SonoCap.MES.Models.csproj", "{5ACEF153-4413-40E5-B1A6-B171C6DBD792}"
EndProject
Project("{9A19103F-16F7-4668-BE54-9A1E7A4F7556}") = "SonoCap.MES.Repositories", "Sonocap.MES.Repositories\SonoCap.MES.Repositories.csproj", "{076A5AF9-664D-4A90-B777-BCE447894332}"
EndProject
Project("{9A19103F-16F7-4668-BE54-9A1E7A4F7556}") = "SonoCap.Interceptors", "SonoCap.Interceptors\SonoCap.Interceptors.csproj", "{38801F3D-A0BC-45F2-A4F4-2870F804A7DA}"
EndProject
Project("{9A19103F-16F7-4668-BE54-9A1E7A4F7556}") = "SonoCap.MES.Services", "SonoCap.MES.Services\SonoCap.MES.Services.csproj", "{F11BF8A2-D91E-477D-B987-578B6F30ED6A}"
EndProject
Project("{9A19103F-16F7-4668-BE54-9A1E7A4F7556}") = "SonoCap.Commons", "SonoCap.Commons\SonoCap.Commons.csproj", "{6B81245E-D2D0-4434-8FB1-E039C2C5BE5A}"
EndProject
Project("{2150E333-8FDC-42A3-9474-1A3956D46DE8}") = "솔루션 항목", "솔루션 항목", "{E8F80BC3-F20F-4600-B088-756676FE237A}"
	ProjectSection(SolutionItems) = preProject
		README.md = README.md
		sample.log = sample.log
		test.log = test.log
	EndProjectSection
EndProject
Project("{8BC9CEB8-8B4A-11D0-8D11-00A0C91BC942}") = "FunctionsDll", "FunctionsDll\FunctionsDll.vcxproj", "{3E0DC36D-0452-4B3A-A613-8E40D641D995}"
EndProject
Project("{9A19103F-16F7-4668-BE54-9A1E7A4F7556}") = "FunctionsDllTest", "FunctionsDllTest\FunctionsDllTest.csproj", "{EF1E427F-9909-490F-9171-58E9177FFDBD}"
EndProject
Project("{9A19103F-16F7-4668-BE54-9A1E7A4F7556}") = "SonoCapUsImgTest", "SonoCapUsImgTest\SonoCapUsImgTest.csproj", "{86F37A2C-07B3-4C4D-9F45-270E40308612}"
EndProject
Project("{8BC9CEB8-8B4A-11D0-8D11-00A0C91BC942}") = "SonoCapUsImg", "SonoCapUsImg\SonoCapUsImg.vcxproj", "{99376933-712B-4028-AAE4-9807C46D7660}"
EndProject
Project("{8BC9CEB8-8B4A-11D0-8D11-00A0C91BC942}") = "OpenGLTest", "OpenGLTest\OpenGLTest.vcxproj", "{B3218BC0-7098-45BC-BFEE-789AAFF4171B}"
EndProject
Project("{8BC9CEB8-8B4A-11D0-8D11-00A0C91BC942}") = "OpenGLWrapperCpp", "OpenGLWrapperCpp\OpenGLWrapperCpp.vcxproj", "{D245F6F2-1DC1-4368-A4B9-0BA96A9D3FC8}"
EndProject
Project("{8BC9CEB8-8B4A-11D0-8D11-00A0C91BC942}") = "OpenGL2", "OpenGL2\OpenGL2.vcxproj", "{16D95E8E-8F52-4AEC-B7D1-9C0B7AD01C10}"
EndProject
Project("{9A19103F-16F7-4668-BE54-9A1E7A4F7556}") = "OpenGLTestCs", "OpenGLTestCs\OpenGLTestCs.csproj", "{56CD7E4B-E684-4EA9-9B19-C8A5834B0927}"
EndProject
Project("{9A19103F-16F7-4668-BE54-9A1E7A4F7556}") = "SonoCap.Tests", "SonoCap.Tests\SonoCap.Tests.csproj", "{CC37D8E0-F4EC-45E0-A18C-0F2626FCA8F9}"
EndProject
Project("{8BC9CEB8-8B4A-11D0-8D11-00A0C91BC942}") = "OpenGL3WinMain", "OpenGL3WinMain\OpenGL3WinMain.vcxproj", "{109AB1DD-790F-4F6D-818B-144DADE451AF}"
EndProject
Project("{8BC9CEB8-8B4A-11D0-8D11-00A0C91BC942}") = "CubeRenderer", "CubeRenderer\CubeRenderer.vcxproj", "{8025D39C-F73B-472D-86C0-DEFFA41024EF}"
EndProject
Global
	GlobalSection(SolutionConfigurationPlatforms) = preSolution
		Debug|Any CPU = Debug|Any CPU
		Debug|x64 = Debug|x64
		Debug|x86 = Debug|x86
		Release|Any CPU = Release|Any CPU
		Release|x64 = Release|x64
		Release|x86 = Release|x86
	EndGlobalSection
	GlobalSection(ProjectConfigurationPlatforms) = postSolution
		{C853F303-32D2-4B6C-AE19-E0744F1EB29A}.Debug|Any CPU.ActiveCfg = Debug|Any CPU
		{C853F303-32D2-4B6C-AE19-E0744F1EB29A}.Debug|Any CPU.Build.0 = Debug|Any CPU
		{C853F303-32D2-4B6C-AE19-E0744F1EB29A}.Debug|x64.ActiveCfg = Debug|Any CPU
		{C853F303-32D2-4B6C-AE19-E0744F1EB29A}.Debug|x64.Build.0 = Debug|Any CPU
		{C853F303-32D2-4B6C-AE19-E0744F1EB29A}.Debug|x86.ActiveCfg = Debug|Any CPU
		{C853F303-32D2-4B6C-AE19-E0744F1EB29A}.Debug|x86.Build.0 = Debug|Any CPU
		{C853F303-32D2-4B6C-AE19-E0744F1EB29A}.Release|Any CPU.ActiveCfg = Release|Any CPU
		{C853F303-32D2-4B6C-AE19-E0744F1EB29A}.Release|Any CPU.Build.0 = Release|Any CPU
		{C853F303-32D2-4B6C-AE19-E0744F1EB29A}.Release|x64.ActiveCfg = Release|Any CPU
		{C853F303-32D2-4B6C-AE19-E0744F1EB29A}.Release|x64.Build.0 = Release|Any CPU
		{C853F303-32D2-4B6C-AE19-E0744F1EB29A}.Release|x86.ActiveCfg = Release|Any CPU
		{C853F303-32D2-4B6C-AE19-E0744F1EB29A}.Release|x86.Build.0 = Release|Any CPU
		{7E1BA4AD-DD03-4C3F-8D9D-2BA46CD0696C}.Debug|Any CPU.ActiveCfg = Debug|x64
		{7E1BA4AD-DD03-4C3F-8D9D-2BA46CD0696C}.Debug|Any CPU.Build.0 = Debug|x64
		{7E1BA4AD-DD03-4C3F-8D9D-2BA46CD0696C}.Debug|x64.ActiveCfg = Debug|x64
		{7E1BA4AD-DD03-4C3F-8D9D-2BA46CD0696C}.Debug|x64.Build.0 = Debug|x64
		{7E1BA4AD-DD03-4C3F-8D9D-2BA46CD0696C}.Debug|x86.ActiveCfg = Debug|Win32
		{7E1BA4AD-DD03-4C3F-8D9D-2BA46CD0696C}.Debug|x86.Build.0 = Debug|Win32
		{7E1BA4AD-DD03-4C3F-8D9D-2BA46CD0696C}.Release|Any CPU.ActiveCfg = Release|x64
		{7E1BA4AD-DD03-4C3F-8D9D-2BA46CD0696C}.Release|Any CPU.Build.0 = Release|x64
		{7E1BA4AD-DD03-4C3F-8D9D-2BA46CD0696C}.Release|x64.ActiveCfg = Release|x64
		{7E1BA4AD-DD03-4C3F-8D9D-2BA46CD0696C}.Release|x64.Build.0 = Release|x64
		{7E1BA4AD-DD03-4C3F-8D9D-2BA46CD0696C}.Release|x86.ActiveCfg = Release|Win32
		{7E1BA4AD-DD03-4C3F-8D9D-2BA46CD0696C}.Release|x86.Build.0 = Release|Win32
		{6DA06DAC-F849-41A4-94E7-24E51CCFD13B}.Debug|Any CPU.ActiveCfg = Debug|Any CPU
		{6DA06DAC-F849-41A4-94E7-24E51CCFD13B}.Debug|Any CPU.Build.0 = Debug|Any CPU
		{6DA06DAC-F849-41A4-94E7-24E51CCFD13B}.Debug|x64.ActiveCfg = Debug|Any CPU
		{6DA06DAC-F849-41A4-94E7-24E51CCFD13B}.Debug|x64.Build.0 = Debug|Any CPU
		{6DA06DAC-F849-41A4-94E7-24E51CCFD13B}.Debug|x86.ActiveCfg = Debug|Any CPU
		{6DA06DAC-F849-41A4-94E7-24E51CCFD13B}.Debug|x86.Build.0 = Debug|Any CPU
		{6DA06DAC-F849-41A4-94E7-24E51CCFD13B}.Release|Any CPU.ActiveCfg = Release|Any CPU
		{6DA06DAC-F849-41A4-94E7-24E51CCFD13B}.Release|Any CPU.Build.0 = Release|Any CPU
		{6DA06DAC-F849-41A4-94E7-24E51CCFD13B}.Release|x64.ActiveCfg = Release|Any CPU
		{6DA06DAC-F849-41A4-94E7-24E51CCFD13B}.Release|x64.Build.0 = Release|Any CPU
		{6DA06DAC-F849-41A4-94E7-24E51CCFD13B}.Release|x86.ActiveCfg = Release|Any CPU
		{6DA06DAC-F849-41A4-94E7-24E51CCFD13B}.Release|x86.Build.0 = Release|Any CPU
		{ACF747BB-7578-4B9E-A99E-BB426607D324}.Debug|Any CPU.ActiveCfg = Debug|Any CPU
		{ACF747BB-7578-4B9E-A99E-BB426607D324}.Debug|Any CPU.Build.0 = Debug|Any CPU
		{ACF747BB-7578-4B9E-A99E-BB426607D324}.Debug|x64.ActiveCfg = Debug|Any CPU
		{ACF747BB-7578-4B9E-A99E-BB426607D324}.Debug|x64.Build.0 = Debug|Any CPU
		{ACF747BB-7578-4B9E-A99E-BB426607D324}.Debug|x86.ActiveCfg = Debug|Any CPU
		{ACF747BB-7578-4B9E-A99E-BB426607D324}.Debug|x86.Build.0 = Debug|Any CPU
		{ACF747BB-7578-4B9E-A99E-BB426607D324}.Release|Any CPU.ActiveCfg = Release|Any CPU
		{ACF747BB-7578-4B9E-A99E-BB426607D324}.Release|Any CPU.Build.0 = Release|Any CPU
		{ACF747BB-7578-4B9E-A99E-BB426607D324}.Release|x64.ActiveCfg = Release|Any CPU
		{ACF747BB-7578-4B9E-A99E-BB426607D324}.Release|x64.Build.0 = Release|Any CPU
		{ACF747BB-7578-4B9E-A99E-BB426607D324}.Release|x86.ActiveCfg = Release|Any CPU
		{ACF747BB-7578-4B9E-A99E-BB426607D324}.Release|x86.Build.0 = Release|Any CPU
		{5ACEF153-4413-40E5-B1A6-B171C6DBD792}.Debug|Any CPU.ActiveCfg = Debug|Any CPU
		{5ACEF153-4413-40E5-B1A6-B171C6DBD792}.Debug|Any CPU.Build.0 = Debug|Any CPU
		{5ACEF153-4413-40E5-B1A6-B171C6DBD792}.Debug|x64.ActiveCfg = Debug|Any CPU
		{5ACEF153-4413-40E5-B1A6-B171C6DBD792}.Debug|x64.Build.0 = Debug|Any CPU
		{5ACEF153-4413-40E5-B1A6-B171C6DBD792}.Debug|x86.ActiveCfg = Debug|Any CPU
		{5ACEF153-4413-40E5-B1A6-B171C6DBD792}.Debug|x86.Build.0 = Debug|Any CPU
		{5ACEF153-4413-40E5-B1A6-B171C6DBD792}.Release|Any CPU.ActiveCfg = Release|Any CPU
		{5ACEF153-4413-40E5-B1A6-B171C6DBD792}.Release|Any CPU.Build.0 = Release|Any CPU
		{5ACEF153-4413-40E5-B1A6-B171C6DBD792}.Release|x64.ActiveCfg = Release|Any CPU
		{5ACEF153-4413-40E5-B1A6-B171C6DBD792}.Release|x64.Build.0 = Release|Any CPU
		{5ACEF153-4413-40E5-B1A6-B171C6DBD792}.Release|x86.ActiveCfg = Release|Any CPU
		{5ACEF153-4413-40E5-B1A6-B171C6DBD792}.Release|x86.Build.0 = Release|Any CPU
		{076A5AF9-664D-4A90-B777-BCE447894332}.Debug|Any CPU.ActiveCfg = Debug|Any CPU
		{076A5AF9-664D-4A90-B777-BCE447894332}.Debug|Any CPU.Build.0 = Debug|Any CPU
		{076A5AF9-664D-4A90-B777-BCE447894332}.Debug|x64.ActiveCfg = Debug|Any CPU
		{076A5AF9-664D-4A90-B777-BCE447894332}.Debug|x64.Build.0 = Debug|Any CPU
		{076A5AF9-664D-4A90-B777-BCE447894332}.Debug|x86.ActiveCfg = Debug|Any CPU
		{076A5AF9-664D-4A90-B777-BCE447894332}.Debug|x86.Build.0 = Debug|Any CPU
		{076A5AF9-664D-4A90-B777-BCE447894332}.Release|Any CPU.ActiveCfg = Release|Any CPU
		{076A5AF9-664D-4A90-B777-BCE447894332}.Release|Any CPU.Build.0 = Release|Any CPU
		{076A5AF9-664D-4A90-B777-BCE447894332}.Release|x64.ActiveCfg = Release|Any CPU
		{076A5AF9-664D-4A90-B777-BCE447894332}.Release|x64.Build.0 = Release|Any CPU
		{076A5AF9-664D-4A90-B777-BCE447894332}.Release|x86.ActiveCfg = Release|Any CPU
		{076A5AF9-664D-4A90-B777-BCE447894332}.Release|x86.Build.0 = Release|Any CPU
		{38801F3D-A0BC-45F2-A4F4-2870F804A7DA}.Debug|Any CPU.ActiveCfg = Debug|Any CPU
		{38801F3D-A0BC-45F2-A4F4-2870F804A7DA}.Debug|Any CPU.Build.0 = Debug|Any CPU
		{38801F3D-A0BC-45F2-A4F4-2870F804A7DA}.Debug|x64.ActiveCfg = Debug|Any CPU
		{38801F3D-A0BC-45F2-A4F4-2870F804A7DA}.Debug|x64.Build.0 = Debug|Any CPU
		{38801F3D-A0BC-45F2-A4F4-2870F804A7DA}.Debug|x86.ActiveCfg = Debug|Any CPU
		{38801F3D-A0BC-45F2-A4F4-2870F804A7DA}.Debug|x86.Build.0 = Debug|Any CPU
		{38801F3D-A0BC-45F2-A4F4-2870F804A7DA}.Release|Any CPU.ActiveCfg = Release|Any CPU
		{38801F3D-A0BC-45F2-A4F4-2870F804A7DA}.Release|Any CPU.Build.0 = Release|Any CPU
		{38801F3D-A0BC-45F2-A4F4-2870F804A7DA}.Release|x64.ActiveCfg = Release|Any CPU
		{38801F3D-A0BC-45F2-A4F4-2870F804A7DA}.Release|x64.Build.0 = Release|Any CPU
		{38801F3D-A0BC-45F2-A4F4-2870F804A7DA}.Release|x86.ActiveCfg = Release|Any CPU
		{38801F3D-A0BC-45F2-A4F4-2870F804A7DA}.Release|x86.Build.0 = Release|Any CPU
		{F11BF8A2-D91E-477D-B987-578B6F30ED6A}.Debug|Any CPU.ActiveCfg = Debug|Any CPU
		{F11BF8A2-D91E-477D-B987-578B6F30ED6A}.Debug|Any CPU.Build.0 = Debug|Any CPU
		{F11BF8A2-D91E-477D-B987-578B6F30ED6A}.Debug|x64.ActiveCfg = Debug|Any CPU
		{F11BF8A2-D91E-477D-B987-578B6F30ED6A}.Debug|x64.Build.0 = Debug|Any CPU
		{F11BF8A2-D91E-477D-B987-578B6F30ED6A}.Debug|x86.ActiveCfg = Debug|Any CPU
		{F11BF8A2-D91E-477D-B987-578B6F30ED6A}.Debug|x86.Build.0 = Debug|Any CPU
		{F11BF8A2-D91E-477D-B987-578B6F30ED6A}.Release|Any CPU.ActiveCfg = Release|Any CPU
		{F11BF8A2-D91E-477D-B987-578B6F30ED6A}.Release|Any CPU.Build.0 = Release|Any CPU
		{F11BF8A2-D91E-477D-B987-578B6F30ED6A}.Release|x64.ActiveCfg = Release|Any CPU
		{F11BF8A2-D91E-477D-B987-578B6F30ED6A}.Release|x64.Build.0 = Release|Any CPU
		{F11BF8A2-D91E-477D-B987-578B6F30ED6A}.Release|x86.ActiveCfg = Release|Any CPU
		{F11BF8A2-D91E-477D-B987-578B6F30ED6A}.Release|x86.Build.0 = Release|Any CPU
		{6B81245E-D2D0-4434-8FB1-E039C2C5BE5A}.Debug|Any CPU.ActiveCfg = Debug|Any CPU
		{6B81245E-D2D0-4434-8FB1-E039C2C5BE5A}.Debug|Any CPU.Build.0 = Debug|Any CPU
		{6B81245E-D2D0-4434-8FB1-E039C2C5BE5A}.Debug|x64.ActiveCfg = Debug|Any CPU
		{6B81245E-D2D0-4434-8FB1-E039C2C5BE5A}.Debug|x64.Build.0 = Debug|Any CPU
		{6B81245E-D2D0-4434-8FB1-E039C2C5BE5A}.Debug|x86.ActiveCfg = Debug|Any CPU
		{6B81245E-D2D0-4434-8FB1-E039C2C5BE5A}.Debug|x86.Build.0 = Debug|Any CPU
		{6B81245E-D2D0-4434-8FB1-E039C2C5BE5A}.Release|Any CPU.ActiveCfg = Release|Any CPU
		{6B81245E-D2D0-4434-8FB1-E039C2C5BE5A}.Release|Any CPU.Build.0 = Release|Any CPU
		{6B81245E-D2D0-4434-8FB1-E039C2C5BE5A}.Release|x64.ActiveCfg = Release|Any CPU
		{6B81245E-D2D0-4434-8FB1-E039C2C5BE5A}.Release|x64.Build.0 = Release|Any CPU
		{6B81245E-D2D0-4434-8FB1-E039C2C5BE5A}.Release|x86.ActiveCfg = Release|Any CPU
		{6B81245E-D2D0-4434-8FB1-E039C2C5BE5A}.Release|x86.Build.0 = Release|Any CPU
		{3E0DC36D-0452-4B3A-A613-8E40D641D995}.Debug|Any CPU.ActiveCfg = Debug|x64
		{3E0DC36D-0452-4B3A-A613-8E40D641D995}.Debug|Any CPU.Build.0 = Debug|x64
		{3E0DC36D-0452-4B3A-A613-8E40D641D995}.Debug|x64.ActiveCfg = Debug|x64
		{3E0DC36D-0452-4B3A-A613-8E40D641D995}.Debug|x64.Build.0 = Debug|x64
		{3E0DC36D-0452-4B3A-A613-8E40D641D995}.Debug|x86.ActiveCfg = Debug|Win32
		{3E0DC36D-0452-4B3A-A613-8E40D641D995}.Debug|x86.Build.0 = Debug|Win32
		{3E0DC36D-0452-4B3A-A613-8E40D641D995}.Release|Any CPU.ActiveCfg = Release|x64
		{3E0DC36D-0452-4B3A-A613-8E40D641D995}.Release|Any CPU.Build.0 = Release|x64
		{3E0DC36D-0452-4B3A-A613-8E40D641D995}.Release|x64.ActiveCfg = Release|x64
		{3E0DC36D-0452-4B3A-A613-8E40D641D995}.Release|x64.Build.0 = Release|x64
		{3E0DC36D-0452-4B3A-A613-8E40D641D995}.Release|x86.ActiveCfg = Release|Win32
		{3E0DC36D-0452-4B3A-A613-8E40D641D995}.Release|x86.Build.0 = Release|Win32
		{EF1E427F-9909-490F-9171-58E9177FFDBD}.Debug|Any CPU.ActiveCfg = Debug|Any CPU
		{EF1E427F-9909-490F-9171-58E9177FFDBD}.Debug|Any CPU.Build.0 = Debug|Any CPU
		{EF1E427F-9909-490F-9171-58E9177FFDBD}.Debug|x64.ActiveCfg = Debug|Any CPU
		{EF1E427F-9909-490F-9171-58E9177FFDBD}.Debug|x64.Build.0 = Debug|Any CPU
		{EF1E427F-9909-490F-9171-58E9177FFDBD}.Debug|x86.ActiveCfg = Debug|Any CPU
		{EF1E427F-9909-490F-9171-58E9177FFDBD}.Debug|x86.Build.0 = Debug|Any CPU
		{EF1E427F-9909-490F-9171-58E9177FFDBD}.Release|Any CPU.ActiveCfg = Release|Any CPU
		{EF1E427F-9909-490F-9171-58E9177FFDBD}.Release|Any CPU.Build.0 = Release|Any CPU
		{EF1E427F-9909-490F-9171-58E9177FFDBD}.Release|x64.ActiveCfg = Release|Any CPU
		{EF1E427F-9909-490F-9171-58E9177FFDBD}.Release|x64.Build.0 = Release|Any CPU
		{EF1E427F-9909-490F-9171-58E9177FFDBD}.Release|x86.ActiveCfg = Release|Any CPU
		{EF1E427F-9909-490F-9171-58E9177FFDBD}.Release|x86.Build.0 = Release|Any CPU
		{86F37A2C-07B3-4C4D-9F45-270E40308612}.Debug|Any CPU.ActiveCfg = Debug|Any CPU
		{86F37A2C-07B3-4C4D-9F45-270E40308612}.Debug|Any CPU.Build.0 = Debug|Any CPU
		{86F37A2C-07B3-4C4D-9F45-270E40308612}.Debug|x64.ActiveCfg = Debug|Any CPU
		{86F37A2C-07B3-4C4D-9F45-270E40308612}.Debug|x64.Build.0 = Debug|Any CPU
		{86F37A2C-07B3-4C4D-9F45-270E40308612}.Debug|x86.ActiveCfg = Debug|Any CPU
		{86F37A2C-07B3-4C4D-9F45-270E40308612}.Debug|x86.Build.0 = Debug|Any CPU
		{86F37A2C-07B3-4C4D-9F45-270E40308612}.Release|Any CPU.ActiveCfg = Release|Any CPU
		{86F37A2C-07B3-4C4D-9F45-270E40308612}.Release|Any CPU.Build.0 = Release|Any CPU
		{86F37A2C-07B3-4C4D-9F45-270E40308612}.Release|x64.ActiveCfg = Release|Any CPU
		{86F37A2C-07B3-4C4D-9F45-270E40308612}.Release|x64.Build.0 = Release|Any CPU
		{86F37A2C-07B3-4C4D-9F45-270E40308612}.Release|x86.ActiveCfg = Release|Any CPU
		{86F37A2C-07B3-4C4D-9F45-270E40308612}.Release|x86.Build.0 = Release|Any CPU
		{99376933-712B-4028-AAE4-9807C46D7660}.Debug|Any CPU.ActiveCfg = Debug|x64
		{99376933-712B-4028-AAE4-9807C46D7660}.Debug|Any CPU.Build.0 = Debug|x64
		{99376933-712B-4028-AAE4-9807C46D7660}.Debug|x64.ActiveCfg = Debug|x64
		{99376933-712B-4028-AAE4-9807C46D7660}.Debug|x64.Build.0 = Debug|x64
		{99376933-712B-4028-AAE4-9807C46D7660}.Debug|x86.ActiveCfg = Debug|Win32
		{99376933-712B-4028-AAE4-9807C46D7660}.Debug|x86.Build.0 = Debug|Win32
		{99376933-712B-4028-AAE4-9807C46D7660}.Release|Any CPU.ActiveCfg = Release|x64
		{99376933-712B-4028-AAE4-9807C46D7660}.Release|Any CPU.Build.0 = Release|x64
		{99376933-712B-4028-AAE4-9807C46D7660}.Release|x64.ActiveCfg = Release|x64
		{99376933-712B-4028-AAE4-9807C46D7660}.Release|x64.Build.0 = Release|x64
		{99376933-712B-4028-AAE4-9807C46D7660}.Release|x86.ActiveCfg = Release|Win32
		{99376933-712B-4028-AAE4-9807C46D7660}.Release|x86.Build.0 = Release|Win32
		{B3218BC0-7098-45BC-BFEE-789AAFF4171B}.Debug|Any CPU.ActiveCfg = Debug|x64
		{B3218BC0-7098-45BC-BFEE-789AAFF4171B}.Debug|Any CPU.Build.0 = Debug|x64
		{B3218BC0-7098-45BC-BFEE-789AAFF4171B}.Debug|x64.ActiveCfg = Debug|x64
		{B3218BC0-7098-45BC-BFEE-789AAFF4171B}.Debug|x64.Build.0 = Debug|x64
		{B3218BC0-7098-45BC-BFEE-789AAFF4171B}.Debug|x86.ActiveCfg = Debug|Win32
		{B3218BC0-7098-45BC-BFEE-789AAFF4171B}.Debug|x86.Build.0 = Debug|Win32
		{B3218BC0-7098-45BC-BFEE-789AAFF4171B}.Release|Any CPU.ActiveCfg = Release|x64
		{B3218BC0-7098-45BC-BFEE-789AAFF4171B}.Release|Any CPU.Build.0 = Release|x64
		{B3218BC0-7098-45BC-BFEE-789AAFF4171B}.Release|x64.ActiveCfg = Release|x64
		{B3218BC0-7098-45BC-BFEE-789AAFF4171B}.Release|x64.Build.0 = Release|x64
		{B3218BC0-7098-45BC-BFEE-789AAFF4171B}.Release|x86.ActiveCfg = Release|Win32
		{B3218BC0-7098-45BC-BFEE-789AAFF4171B}.Release|x86.Build.0 = Release|Win32
		{D245F6F2-1DC1-4368-A4B9-0BA96A9D3FC8}.Debug|Any CPU.ActiveCfg = Debug|x64
		{D245F6F2-1DC1-4368-A4B9-0BA96A9D3FC8}.Debug|Any CPU.Build.0 = Debug|x64
		{D245F6F2-1DC1-4368-A4B9-0BA96A9D3FC8}.Debug|x64.ActiveCfg = Debug|x64
		{D245F6F2-1DC1-4368-A4B9-0BA96A9D3FC8}.Debug|x64.Build.0 = Debug|x64
		{D245F6F2-1DC1-4368-A4B9-0BA96A9D3FC8}.Debug|x86.ActiveCfg = Debug|Win32
		{D245F6F2-1DC1-4368-A4B9-0BA96A9D3FC8}.Debug|x86.Build.0 = Debug|Win32
		{D245F6F2-1DC1-4368-A4B9-0BA96A9D3FC8}.Release|Any CPU.ActiveCfg = Release|x64
		{D245F6F2-1DC1-4368-A4B9-0BA96A9D3FC8}.Release|Any CPU.Build.0 = Release|x64
		{D245F6F2-1DC1-4368-A4B9-0BA96A9D3FC8}.Release|x64.ActiveCfg = Release|x64
		{D245F6F2-1DC1-4368-A4B9-0BA96A9D3FC8}.Release|x64.Build.0 = Release|x64
		{D245F6F2-1DC1-4368-A4B9-0BA96A9D3FC8}.Release|x86.ActiveCfg = Release|Win32
		{D245F6F2-1DC1-4368-A4B9-0BA96A9D3FC8}.Release|x86.Build.0 = Release|Win32
		{16D95E8E-8F52-4AEC-B7D1-9C0B7AD01C10}.Debug|Any CPU.ActiveCfg = Debug|x64
		{16D95E8E-8F52-4AEC-B7D1-9C0B7AD01C10}.Debug|Any CPU.Build.0 = Debug|x64
		{16D95E8E-8F52-4AEC-B7D1-9C0B7AD01C10}.Debug|x64.ActiveCfg = Debug|x64
		{16D95E8E-8F52-4AEC-B7D1-9C0B7AD01C10}.Debug|x64.Build.0 = Debug|x64
		{16D95E8E-8F52-4AEC-B7D1-9C0B7AD01C10}.Debug|x86.ActiveCfg = Debug|Win32
		{16D95E8E-8F52-4AEC-B7D1-9C0B7AD01C10}.Debug|x86.Build.0 = Debug|Win32
		{16D95E8E-8F52-4AEC-B7D1-9C0B7AD01C10}.Release|Any CPU.ActiveCfg = Release|x64
		{16D95E8E-8F52-4AEC-B7D1-9C0B7AD01C10}.Release|Any CPU.Build.0 = Release|x64
		{16D95E8E-8F52-4AEC-B7D1-9C0B7AD01C10}.Release|x64.ActiveCfg = Release|x64
		{16D95E8E-8F52-4AEC-B7D1-9C0B7AD01C10}.Release|x64.Build.0 = Release|x64
		{16D95E8E-8F52-4AEC-B7D1-9C0B7AD01C10}.Release|x86.ActiveCfg = Release|Win32
		{16D95E8E-8F52-4AEC-B7D1-9C0B7AD01C10}.Release|x86.Build.0 = Release|Win32
		{56CD7E4B-E684-4EA9-9B19-C8A5834B0927}.Debug|Any CPU.ActiveCfg = Debug|Any CPU
		{56CD7E4B-E684-4EA9-9B19-C8A5834B0927}.Debug|Any CPU.Build.0 = Debug|Any CPU
		{56CD7E4B-E684-4EA9-9B19-C8A5834B0927}.Debug|x64.ActiveCfg = Debug|Any CPU
		{56CD7E4B-E684-4EA9-9B19-C8A5834B0927}.Debug|x64.Build.0 = Debug|Any CPU
		{56CD7E4B-E684-4EA9-9B19-C8A5834B0927}.Debug|x86.ActiveCfg = Debug|Any CPU
		{56CD7E4B-E684-4EA9-9B19-C8A5834B0927}.Debug|x86.Build.0 = Debug|Any CPU
		{56CD7E4B-E684-4EA9-9B19-C8A5834B0927}.Release|Any CPU.ActiveCfg = Release|Any CPU
		{56CD7E4B-E684-4EA9-9B19-C8A5834B0927}.Release|Any CPU.Build.0 = Release|Any CPU
		{56CD7E4B-E684-4EA9-9B19-C8A5834B0927}.Release|x64.ActiveCfg = Release|Any CPU
		{56CD7E4B-E684-4EA9-9B19-C8A5834B0927}.Release|x64.Build.0 = Release|Any CPU
		{56CD7E4B-E684-4EA9-9B19-C8A5834B0927}.Release|x86.ActiveCfg = Release|Any CPU
		{56CD7E4B-E684-4EA9-9B19-C8A5834B0927}.Release|x86.Build.0 = Release|Any CPU
		{CC37D8E0-F4EC-45E0-A18C-0F2626FCA8F9}.Debug|Any CPU.ActiveCfg = Debug|Any CPU
		{CC37D8E0-F4EC-45E0-A18C-0F2626FCA8F9}.Debug|Any CPU.Build.0 = Debug|Any CPU
		{CC37D8E0-F4EC-45E0-A18C-0F2626FCA8F9}.Debug|x64.ActiveCfg = Debug|Any CPU
		{CC37D8E0-F4EC-45E0-A18C-0F2626FCA8F9}.Debug|x64.Build.0 = Debug|Any CPU
		{CC37D8E0-F4EC-45E0-A18C-0F2626FCA8F9}.Debug|x86.ActiveCfg = Debug|Any CPU
		{CC37D8E0-F4EC-45E0-A18C-0F2626FCA8F9}.Debug|x86.Build.0 = Debug|Any CPU
		{CC37D8E0-F4EC-45E0-A18C-0F2626FCA8F9}.Release|Any CPU.ActiveCfg = Release|Any CPU
		{CC37D8E0-F4EC-45E0-A18C-0F2626FCA8F9}.Release|Any CPU.Build.0 = Release|Any CPU
		{CC37D8E0-F4EC-45E0-A18C-0F2626FCA8F9}.Release|x64.ActiveCfg = Release|Any CPU
		{CC37D8E0-F4EC-45E0-A18C-0F2626FCA8F9}.Release|x64.Build.0 = Release|Any CPU
		{CC37D8E0-F4EC-45E0-A18C-0F2626FCA8F9}.Release|x86.ActiveCfg = Release|Any CPU
		{CC37D8E0-F4EC-45E0-A18C-0F2626FCA8F9}.Release|x86.Build.0 = Release|Any CPU
		{109AB1DD-790F-4F6D-818B-144DADE451AF}.Debug|Any CPU.ActiveCfg = Debug|x64
		{109AB1DD-790F-4F6D-818B-144DADE451AF}.Debug|Any CPU.Build.0 = Debug|x64
		{109AB1DD-790F-4F6D-818B-144DADE451AF}.Debug|x64.ActiveCfg = Debug|x64
		{109AB1DD-790F-4F6D-818B-144DADE451AF}.Debug|x64.Build.0 = Debug|x64
		{109AB1DD-790F-4F6D-818B-144DADE451AF}.Debug|x86.ActiveCfg = Debug|Win32
		{109AB1DD-790F-4F6D-818B-144DADE451AF}.Debug|x86.Build.0 = Debug|Win32
		{109AB1DD-790F-4F6D-818B-144DADE451AF}.Release|Any CPU.ActiveCfg = Release|x64
		{109AB1DD-790F-4F6D-818B-144DADE451AF}.Release|Any CPU.Build.0 = Release|x64
		{109AB1DD-790F-4F6D-818B-144DADE451AF}.Release|x64.ActiveCfg = Release|x64
		{109AB1DD-790F-4F6D-818B-144DADE451AF}.Release|x64.Build.0 = Release|x64
		{109AB1DD-790F-4F6D-818B-144DADE451AF}.Release|x86.ActiveCfg = Release|Win32
		{109AB1DD-790F-4F6D-818B-144DADE451AF}.Release|x86.Build.0 = Release|Win32
		{8025D39C-F73B-472D-86C0-DEFFA41024EF}.Debug|Any CPU.ActiveCfg = Debug|x64
		{8025D39C-F73B-472D-86C0-DEFFA41024EF}.Debug|Any CPU.Build.0 = Debug|x64
		{8025D39C-F73B-472D-86C0-DEFFA41024EF}.Debug|x64.ActiveCfg = Debug|x64
		{8025D39C-F73B-472D-86C0-DEFFA41024EF}.Debug|x64.Build.0 = Debug|x64
		{8025D39C-F73B-472D-86C0-DEFFA41024EF}.Debug|x86.ActiveCfg = Debug|Win32
		{8025D39C-F73B-472D-86C0-DEFFA41024EF}.Debug|x86.Build.0 = Debug|Win32
		{8025D39C-F73B-472D-86C0-DEFFA41024EF}.Release|Any CPU.ActiveCfg = Release|x64
		{8025D39C-F73B-472D-86C0-DEFFA41024EF}.Release|Any CPU.Build.0 = Release|x64
		{8025D39C-F73B-472D-86C0-DEFFA41024EF}.Release|x64.ActiveCfg = Release|x64
		{8025D39C-F73B-472D-86C0-DEFFA41024EF}.Release|x64.Build.0 = Release|x64
		{8025D39C-F73B-472D-86C0-DEFFA41024EF}.Release|x86.ActiveCfg = Release|Win32
		{8025D39C-F73B-472D-86C0-DEFFA41024EF}.Release|x86.Build.0 = Release|Win32
	EndGlobalSection
	GlobalSection(SolutionProperties) = preSolution
		HideSolutionNode = FALSE
	EndGlobalSection
	GlobalSection(ExtensibilityGlobals) = postSolution
		SolutionGuid = {CFDAC4D3-62CC-439C-97E6-9E6E8C338E3D}
	EndGlobalSection
EndGlobal
